
Microsoft Visual Studio Solution File, Format Version 12.00
# Visual Studio Version 17
VisualStudioVersion = 17.13.35828.75 d17.13
MinimumVisualStudioVersion = 10.0.40219.1
Project("{FAE04EC0-301F-11D3-BF4B-00C04F79EFBC}") = "WebBackend", "WebBackend.csproj", "{D8C2D52E-1A2B-46F8-82F6-AC34C3E7875A}"
EndProject
Global
	GlobalSection(SolutionConfigurationPlatforms) = preSolution
		Debug|Any CPU = Debug|Any CPU
		Release|Any CPU = Release|Any CPU
	EndGlobalSection
	GlobalSection(ProjectConfigurationPlatforms) = postSolution
		{D8C2D52E-1A2B-46F8-82F6-AC34C3E7875A}.Debug|Any CPU.ActiveCfg = Debug|Any CPU
		{D8C2D52E-1A2B-46F8-82F6-AC34C3E7875A}.Debug|Any CPU.Build.0 = Debug|Any CPU
		{D8C2D52E-1A2B-46F8-82F6-AC34C3E7875A}.Release|Any CPU.ActiveCfg = Release|Any CPU
		{D8C2D52E-1A2B-46F8-82F6-AC34C3E7875A}.Release|Any CPU.Build.0 = Release|Any CPU
	EndGlobalSection
	GlobalSection(SolutionProperties) = preSolution
		HideSolutionNode = FALSE
	EndGlobalSection
	GlobalSection(ExtensibilityGlobals) = postSolution
		SolutionGuid = {99026327-C581-4C69-885A-5E30BB3B46C4}
	EndGlobalSection
EndGlobal
